
Microsoft Visual Studio Solution File, Format Version 12.00
# Visual Studio Version 17
VisualStudioVersion = 17.14.36908.2
MinimumVisualStudioVersion = 10.0.40219.1
Project("{FAE04EC0-301F-11D3-BF4B-00C04F79EFBC}") = "TestConsole", "TestConsole\TestConsole.csproj", "{10AC73A3-671A-47FF-8E5E-E8F1D7543D8E}"
EndProject
Project("{FAE04EC0-301F-11D3-BF4B-00C04F79EFBC}") = "WaferMapping.Engine", "WaferMapping.Engine\WaferMapping.Engine.csproj", "{DADC99BE-440A-44EA-B515-256AE4392A09}"
EndProject
Project("{FAE04EC0-301F-11D3-BF4B-00C04F79EFBC}") = "WaferMapping.Tests", "WaferMapping.Tests\WaferMapping.Tests.csproj", "{8058D035-0F33-4189-8286-B2B389331D34}"
EndProject
Global
	GlobalSection(SolutionConfigurationPlatforms) = preSolution
		Debug|Any CPU = Debug|Any CPU
		Debug|x64 = Debug|x64
		Debug|x86 = Debug|x86
		Release|Any CPU = Release|Any CPU
		Release|x64 = Release|x64
		Release|x86 = Release|x86
	EndGlobalSection
	GlobalSection(ProjectConfigurationPlatforms) = postSolution
		{10AC73A3-671A-47FF-8E5E-E8F1D7543D8E}.Debug|Any CPU.ActiveCfg = Debug|Any CPU
		{10AC73A3-671A-47FF-8E5E-E8F1D7543D8E}.Debug|Any CPU.Build.0 = Debug|Any CPU
		{10AC73A3-671A-47FF-8E5E-E8F1D7543D8E}.Debug|x64.ActiveCfg = Debug|Any CPU
		{10AC73A3-671A-47FF-8E5E-E8F1D7543D8E}.Debug|x64.Build.0 = Debug|Any CPU
		{10AC73A3-671A-47FF-8E5E-E8F1D7543D8E}.Debug|x86.ActiveCfg = Debug|Any CPU
		{10AC73A3-671A-47FF-8E5E-E8F1D7543D8E}.Debug|x86.Build.0 = Debug|Any CPU
		{10AC73A3-671A-47FF-8E5E-E8F1D7543D8E}.Release|Any CPU.ActiveCfg = Release|Any CPU
		{10AC73A3-671A-47FF-8E5E-E8F1D7543D8E}.Release|Any CPU.Build.0 = Release|Any CPU
		{10AC73A3-671A-47FF-8E5E-E8F1D7543D8E}.Release|x64.ActiveCfg = Release|Any CPU
		{10AC73A3-671A-47FF-8E5E-E8F1D7543D8E}.Release|x64.Build.0 = Release|Any CPU
		{10AC73A3-671A-47FF-8E5E-E8F1D7543D8E}.Release|x86.ActiveCfg = Release|Any CPU
		{10AC73A3-671A-47FF-8E5E-E8F1D7543D8E}.Release|x86.Build.0 = Release|Any CPU
		{DADC99BE-440A-44EA-B515-256AE4392A09}.Debug|Any CPU.ActiveCfg = Debug|Any CPU
		{DADC99BE-440A-44EA-B515-256AE4392A09}.Debug|Any CPU.Build.0 = Debug|Any CPU
		{DADC99BE-440A-44EA-B515-256AE4392A09}.Debug|x64.ActiveCfg = Debug|Any CPU
		{DADC99BE-440A-44EA-B515-256AE4392A09}.Debug|x64.Build.0 = Debug|Any CPU
		{DADC99BE-440A-44EA-B515-256AE4392A09}.Debug|x86.ActiveCfg = Debug|Any CPU
		{DADC99BE-440A-44EA-B515-256AE4392A09}.Debug|x86.Build.0 = Debug|Any CPU
		{DADC99BE-440A-44EA-B515-256AE4392A09}.Release|Any CPU.ActiveCfg = Release|Any CPU
		{DADC99BE-440A-44EA-B515-256AE4392A09}.Release|Any CPU.Build.0 = Release|Any CPU
		{DADC99BE-440A-44EA-B515-256AE4392A09}.Release|x64.ActiveCfg = Release|Any CPU
		{DADC99BE-440A-44EA-B515-256AE4392A09}.Release|x64.Build.0 = Release|Any CPU
		{DADC99BE-440A-44EA-B515-256AE4392A09}.Release|x86.ActiveCfg = Release|Any CPU
		{DADC99BE-440A-44EA-B515-256AE4392A09}.Release|x86.Build.0 = Release|Any CPU
		{8058D035-0F33-4189-8286-B2B389331D34}.Debug|Any CPU.ActiveCfg = Debug|Any CPU
		{8058D035-0F33-4189-8286-B2B389331D34}.Debug|Any CPU.Build.0 = Debug|Any CPU
		{8058D035-0F33-4189-8286-B2B389331D34}.Debug|x64.ActiveCfg = Debug|Any CPU
		{8058D035-0F33-4189-8286-B2B389331D34}.Debug|x64.Build.0 = Debug|Any CPU
		{8058D035-0F33-4189-8286-B2B389331D34}.Debug|x86.ActiveCfg = Debug|Any CPU
		{8058D035-0F33-4189-8286-B2B389331D34}.Debug|x86.Build.0 = Debug|Any CPU
		{8058D035-0F33-4189-8286-B2B389331D34}.Release|Any CPU.ActiveCfg = Release|Any CPU
		{8058D035-0F33-4189-8286-B2B389331D34}.Release|Any CPU.Build.0 = Release|Any CPU
		{8058D035-0F33-4189-8286-B2B389331D34}.Release|x64.ActiveCfg = Release|Any CPU
		{8058D035-0F33-4189-8286-B2B389331D34}.Release|x64.Build.0 = Release|Any CPU
		{8058D035-0F33-4189-8286-B2B389331D34}.Release|x86.ActiveCfg = Release|Any CPU
		{8058D035-0F33-4189-8286-B2B389331D34}.Release|x86.Build.0 = Release|Any CPU
	EndGlobalSection
	GlobalSection(SolutionProperties) = preSolution
		HideSolutionNode = FALSE
	EndGlobalSection
	GlobalSection(ExtensibilityGlobals) = postSolution
		SolutionGuid = {B36283F1-E849-402C-AAFE-7C88623E8B45}
	EndGlobalSection
EndGlobal
